
Microsoft Visual Studio Solution File, Format Version 12.00
# Visual Studio 2013
VisualStudioVersion = 12.0.30110.0
MinimumVisualStudioVersion = 10.0.40219.1
Project("{8BC9CEB8-8B4A-11D0-8D11-00A0C91BC942}") = "HelloFlex", "HelloFlex\HelloFlex.vcxproj", "{102A8EDF-EA29-459B-8DC1-B91E92F5BA28}"
EndProject
Project("{8BC9CEB8-8B4A-11D0-8D11-00A0C91BC942}") = "HelloBison", "HelloBison\HelloBison.vcxproj", "{C9083AA6-AC1B-4B01-A01E-D22E3124FFB2}"
EndProject
Project("{8BC9CEB8-8B4A-11D0-8D11-00A0C91BC942}") = "BisonAndFlex", "BisonAndFlex\BisonAndFlex.vcxproj", "{52F2D30D-44FE-44F8-956F-1913586D0CDC}"
EndProject
Global
	GlobalSection(SolutionConfigurationPlatforms) = preSolution
		Debug|Win32 = Debug|Win32
		Release|Win32 = Release|Win32
	EndGlobalSection
	GlobalSection(ProjectConfigurationPlatforms) = postSolution
		{102A8EDF-EA29-459B-8DC1-B91E92F5BA28}.Debug|Win32.ActiveCfg = Debug|Win32
		{102A8EDF-EA29-459B-8DC1-B91E92F5BA28}.Debug|Win32.Build.0 = Debug|Win32
		{102A8EDF-EA29-459B-8DC1-B91E92F5BA28}.Release|Win32.ActiveCfg = Release|Win32
		{102A8EDF-EA29-459B-8DC1-B91E92F5BA28}.Release|Win32.Build.0 = Release|Win32
		{C9083AA6-AC1B-4B01-A01E-D22E3124FFB2}.Debug|Win32.ActiveCfg = Debug|Win32
		{C9083AA6-AC1B-4B01-A01E-D22E3124FFB2}.Debug|Win32.Build.0 = Debug|Win32
		{C9083AA6-AC1B-4B01-A01E-D22E3124FFB2}.Release|Win32.ActiveCfg = Release|Win32
		{C9083AA6-AC1B-4B01-A01E-D22E3124FFB2}.Release|Win32.Build.0 = Release|Win32
		{52F2D30D-44FE-44F8-956F-1913586D0CDC}.Debug|Win32.ActiveCfg = Debug|Win32
		{52F2D30D-44FE-44F8-956F-1913586D0CDC}.Debug|Win32.Build.0 = Debug|Win32
		{52F2D30D-44FE-44F8-956F-1913586D0CDC}.Release|Win32.ActiveCfg = Release|Win32
		{52F2D30D-44FE-44F8-956F-1913586D0CDC}.Release|Win32.Build.0 = Release|Win32
	EndGlobalSection
	GlobalSection(SolutionProperties) = preSolution
		HideSolutionNode = FALSE
	EndGlobalSection
EndGlobal
